// !$*UTF8*$!
{
	archiveVersion = 1;
	classes = {
	};
	objectVersion = 55;
	objects = {

/* Begin PBXBuildFile section */
		3E7E34A227889F8C00EC4F38 /* iosRsaApp.swift in Sources */ = {isa = PBXBuildFile; fileRef = 3E7E34A127889F8C00EC4F38 /* iosRsaApp.swift */; };
		3E7E34A427889F8C00EC4F38 /* ContentView.swift in Sources */ = {isa = PBXBuildFile; fileRef = 3E7E34A327889F8C00EC4F38 /* ContentView.swift */; };
		3E7E34A627889F8D00EC4F38 /* Assets.xcassets in Resources */ = {isa = PBXBuildFile; fileRef = 3E7E34A527889F8D00EC4F38 /* Assets.xcassets */; };
		3E7E34A927889F8D00EC4F38 /* Preview Assets.xcassets in Resources */ = {isa = PBXBuildFile; fileRef = 3E7E34A827889F8D00EC4F38 /* Preview Assets.xcassets */; };
		3E7E34B327889F8D00EC4F38 /* iosRsaTests.swift in Sources */ = {isa = PBXBuildFile; fileRef = 3E7E34B227889F8D00EC4F38 /* iosRsaTests.swift */; };
/* End PBXBuildFile section */

/* Begin PBXContainerItemProxy section */
		3E7E34AF27889F8D00EC4F38 /* PBXContainerItemProxy */ = {
			isa = PBXContainerItemProxy;
			containerPortal = 3E7E349627889F8C00EC4F38 /* Project object */;
			proxyType = 1;
			remoteGlobalIDString = 3E7E349D27889F8C00EC4F38;
			remoteInfo = iosRsa;
		};
		3E7E34B927889F8D00EC4F38 /* PBXContainerItemProxy */ = {
			isa = PBXContainerItemProxy;
			containerPortal = 3E7E349627889F8C00EC4F38 /* Project object */;
			proxyType = 1;
			remoteGlobalIDString = 3E7E349D27889F8C00EC4F38;
			remoteInfo = iosRsa;
		};
/* End PBXContainerItemProxy section */

/* Begin PBXFileReference section */
		3E7E349E27889F8C00EC4F38 /* iosRsa.app */ = {isa = PBXFileReference; explicitFileType = wrapper.application; includeInIndex = 0; path = iosRsa.app; sourceTree = BUILT_PRODUCTS_DIR; };
		3E7E34A127889F8C00EC4F38 /* iosRsaApp.swift */ = {isa = PBXFileReference; lastKnownFileType = sourcecode.swift; path = iosRsaApp.swift; sourceTree = "<group>"; };
		3E7E34A327889F8C00EC4F38 /* ContentView.swift */ = {isa = PBXFileReference; lastKnownFileType = sourcecode.swift; path = ContentView.swift; sourceTree = "<group>"; };
		3E7E34A527889F8D00EC4F38 /* Assets.xcassets */ = {isa = PBXFileReference; lastKnownFileType = folder.assetcatalog; path = Assets.xcassets; sourceTree = "<group>"; };
		3E7E34A827889F8D00EC4F38 /* Preview Assets.xcassets */ = {isa = PBXFileReference; lastKnownFileType = folder.assetcatalog; path = "Preview Assets.xcassets"; sourceTree = "<group>"; };
		3E7E34AE27889F8D00EC4F38 /* iosRsaTests.xctest */ = {isa = PBXFileReference; explicitFileType = wrapper.cfbundle; includeInIndex = 0; path = iosRsaTests.xctest; sourceTree = BUILT_PRODUCTS_DIR; };
		3E7E34B227889F8D00EC4F38 /* iosRsaTests.swift */ = {isa = PBXFileReference; lastKnownFileType = sourcecode.swift; path = iosRsaTests.swift; sourceTree = "<group>"; };
		3E7E34B827889F8D00EC4F38 /* iosRsaUITests.xctest */ = {isa = PBXFileReference; explicitFileType = wrapper.cfbundle; includeInIndex = 0; path = iosRsaUITests.xctest; sourceTree = BUILT_PRODUCTS_DIR; };
/* End PBXFileReference section */

/* Begin PBXFrameworksBuildPhase section */
		3E7E349B27889F8C00EC4F38 /* Frameworks */ = {
			isa = PBXFrameworksBuildPhase;
			buildActionMask = 2147483647;
			files = (
			);
			runOnlyForDeploymentPostprocessing = 0;
		};
		3E7E34AB27889F8D00EC4F38 /* Frameworks */ = {
			isa = PBXFrameworksBuildPhase;
			buildActionMask = 2147483647;
			files = (
			);
			runOnlyForDeploymentPostprocessing = 0;
		};
		3E7E34B527889F8D00EC4F38 /* Frameworks */ = {
			isa = PBXFrameworksBuildPhase;
			buildActionMask = 2147483647;
			files = (
			);
			runOnlyForDeploymentPostprocessing = 0;
		};
/* End PBXFrameworksBuildPhase section */

/* Begin PBXGroup section */
		3E7E349527889F8C00EC4F38 = {
			isa = PBXGroup;
			children = (
				3E7E34A027889F8C00EC4F38 /* iosRsa */,
				3E7E34B127889F8D00EC4F38 /* iosRsaTests */,
				3E7E349F27889F8C00EC4F38 /* Products */,
			);
			sourceTree = "<group>";
		};
		3E7E349F27889F8C00EC4F38 /* Products */ = {
			isa = PBXGroup;
			children = (
				3E7E349E27889F8C00EC4F38 /* iosRsa.app */,
				3E7E34AE27889F8D00EC4F38 /* iosRsaTests.xctest */,
				3E7E34B827889F8D00EC4F38 /* iosRsaUITests.xctest */,
			);
			name = Products;
			sourceTree = "<group>";
		};
		3E7E34A027889F8C00EC4F38 /* iosRsa */ = {
			isa = PBXGroup;
			children = (
				3E7E34A127889F8C00EC4F38 /* iosRsaApp.swift */,
				3E7E34A327889F8C00EC4F38 /* ContentView.swift */,
				3E7E34A527889F8D00EC4F38 /* Assets.xcassets */,
				3E7E34A727889F8D00EC4F38 /* Preview Content */,
			);
			path = iosRsa;
			sourceTree = "<group>";
		};
		3E7E34A727889F8D00EC4F38 /* Preview Content */ = {
			isa = PBXGroup;
			children = (
				3E7E34A827889F8D00EC4F38 /* Preview Assets.xcassets */,
			);
			path = "Preview Content";
			sourceTree = "<group>";
		};
		3E7E34B127889F8D00EC4F38 /* iosRsaTests */ = {
			isa = PBXGroup;
			children = (
				3E7E34B227889F8D00EC4F38 /* iosRsaTests.swift */,
			);
			path = iosRsaTests;
			sourceTree = "<group>";
		};
/* End PBXGroup section */

/* Begin PBXNativeTarget section */
		3E7E349D27889F8C00EC4F38 /* iosRsa */ = {
			isa = PBXNativeTarget;
			buildConfigurationList = 3E7E34C227889F8D00EC4F38 /* Build configuration list for PBXNativeTarget "iosRsa" */;
			buildPhases = (
				3E7E349A27889F8C00EC4F38 /* Sources */,
				3E7E349B27889F8C00EC4F38 /* Frameworks */,
				3E7E349C27889F8C00EC4F38 /* Resources */,
			);
			buildRules = (
			);
			dependencies = (
			);
			name = iosRsa;
			productName = iosRsa;
			productReference = 3E7E349E27889F8C00EC4F38 /* iosRsa.app */;
			productType = "com.apple.product-type.application";
		};
		3E7E34AD27889F8D00EC4F38 /* iosRsaTests */ = {
			isa = PBXNativeTarget;
			buildConfigurationList = 3E7E34C527889F8D00EC4F38 /* Build configuration list for PBXNativeTarget "iosRsaTests" */;
			buildPhases = (
				3E7E34AA27889F8D00EC4F38 /* Sources */,
				3E7E34AB27889F8D00EC4F38 /* Frameworks */,
				3E7E34AC27889F8D00EC4F38 /* Resources */,
			);
			buildRules = (
			);
			dependencies = (
				3E7E34B027889F8D00EC4F38 /* PBXTargetDependency */,
			);
			name = iosRsaTests;
			productName = iosRsaTests;
			productReference = 3E7E34AE27889F8D00EC4F38 /* iosRsaTests.xctest */;
			productType = "com.apple.product-type.bundle.unit-test";
		};
		3E7E34B727889F8D00EC4F38 /* iosRsaUITests */ = {
			isa = PBXNativeTarget;
			buildConfigurationList = 3E7E34C827889F8D00EC4F38 /* Build configuration list for PBXNativeTarget "iosRsaUITests" */;
			buildPhases = (
				3E7E34B427889F8D00EC4F38 /* Sources */,
				3E7E34B527889F8D00EC4F38 /* Frameworks */,
				3E7E34B627889F8D00EC4F38 /* Resources */,
			);
			buildRules = (
			);
			dependencies = (
				3E7E34BA27889F8D00EC4F38 /* PBXTargetDependency */,
			);
			name = iosRsaUITests;
			productName = iosRsaUITests;
			productReference = 3E7E34B827889F8D00EC4F38 /* iosRsaUITests.xctest */;
			productType = "com.apple.product-type.bundle.ui-testing";
		};
/* End PBXNativeTarget section */

/* Begin PBXProject section */
		3E7E349627889F8C00EC4F38 /* Project object */ = {
			isa = PBXProject;
			attributes = {
				BuildIndependentTargetsInParallel = 1;
				LastSwiftUpdateCheck = 1320;
				LastUpgradeCheck = 1320;
				TargetAttributes = {
					3E7E349D27889F8C00EC4F38 = {
						CreatedOnToolsVersion = 13.2.1;
					};
					3E7E34AD27889F8D00EC4F38 = {
						CreatedOnToolsVersion = 13.2.1;
						TestTargetID = 3E7E349D27889F8C00EC4F38;
					};
					3E7E34B727889F8D00EC4F38 = {
						CreatedOnToolsVersion = 13.2.1;
						TestTargetID = 3E7E349D27889F8C00EC4F38;
					};
				};
			};
			buildConfigurationList = 3E7E349927889F8C00EC4F38 /* Build configuration list for PBXProject "iosRsa" */;
			compatibilityVersion = "Xcode 13.0";
			developmentRegion = en;
			hasScannedForEncodings = 0;
			knownRegions = (
				en,
				Base,
			);
			mainGroup = 3E7E349527889F8C00EC4F38;
			productRefGroup = 3E7E349F27889F8C00EC4F38 /* Products */;
			projectDirPath = "";
			projectRoot = "";
			targets = (
				3E7E349D27889F8C00EC4F38 /* iosRsa */,
				3E7E34AD27889F8D00EC4F38 /* iosRsaTests */,
				3E7E34B727889F8D00EC4F38 /* iosRsaUITests */,
			);
		};
/* End PBXProject section */

/* Begin PBXResourcesBuildPhase section */
		3E7E349C27889F8C00EC4F38 /* Resources */ = {
			isa = PBXResourcesBuildPhase;
			buildActionMask = 2147483647;
			files = (
				3E7E34A927889F8D00EC4F38 /* Preview Assets.xcassets in Resources */,
				3E7E34A627889F8D00EC4F38 /* Assets.xcassets in Resources */,
			);
			runOnlyForDeploymentPostprocessing = 0;
		};
		3E7E34AC27889F8D00EC4F38 /* Resources */ = {
			isa = PBXResourcesBuildPhase;
			buildActionMask = 2147483647;
			files = (
			);
			runOnlyForDeploymentPostprocessing = 0;
		};
		3E7E34B627889F8D00EC4F38 /* Resources */ = {
			isa = PBXResourcesBuildPhase;
			buildActionMask = 2147483647;
			files = (
			);
			runOnlyForDeploymentPostprocessing = 0;
		};
/* End PBXResourcesBuildPhase section */

/* Begin PBXSourcesBuildPhase section */
		3E7E349A27889F8C00EC4F38 /* Sources */ = {
			isa = PBXSourcesBuildPhase;
			buildActionMask = 2147483647;
			files = (
				3E7E34A427889F8C00EC4F38 /* ContentView.swift in Sources */,
				3E7E34A227889F8C00EC4F38 /* iosRsaApp.swift in Sources */,
			);
			runOnlyForDeploymentPostprocessing = 0;
		};
		3E7E34AA27889F8D00EC4F38 /* Sources */ = {
			isa = PBXSourcesBuildPhase;
			buildActionMask = 2147483647;
			files = (
				3E7E34B327889F8D00EC4F38 /* iosRsaTests.swift in Sources */,
			);
			runOnlyForDeploymentPostprocessing = 0;
		};
		3E7E34B427889F8D00EC4F38 /* Sources */ = {
			isa = PBXSourcesBuildPhase;
			buildActionMask = 2147483647;
			files = (
			);
			runOnlyForDeploymentPostprocessing = 0;
		};
/* End PBXSourcesBuildPhase section */

/* Begin PBXTargetDependency section */
		3E7E34B027889F8D00EC4F38 /* PBXTargetDependency */ = {
			isa = PBXTargetDependency;
			target = 3E7E349D27889F8C00EC4F38 /* iosRsa */;
			targetProxy = 3E7E34AF27889F8D00EC4F38 /* PBXContainerItemProxy */;
		};
		3E7E34BA27889F8D00EC4F38 /* PBXTargetDependency */ = {
			isa = PBXTargetDependency;
			target = 3E7E349D27889F8C00EC4F38 /* iosRsa */;
			targetProxy = 3E7E34B927889F8D00EC4F38 /* PBXContainerItemProxy */;
		};
/* End PBXTargetDependency section */

/* Begin XCBuildConfiguration section */
		3E7E34C027889F8D00EC4F38 /* Debug */ = {
			isa = XCBuildConfiguration;
			buildSettings = {
				ALWAYS_SEARCH_USER_PATHS = NO;
				CLANG_ANALYZER_NONNULL = YES;
				CLANG_ANALYZER_NUMBER_OBJECT_CONVERSION = YES_AGGRESSIVE;
				CLANG_CXX_LANGUAGE_STANDARD = "gnu++17";
				CLANG_CXX_LIBRARY = "libc++";
				CLANG_ENABLE_MODULES = YES;
				CLANG_ENABLE_OBJC_ARC = YES;
				CLANG_ENABLE_OBJC_WEAK = YES;
				CLANG_WARN_BLOCK_CAPTURE_AUTORELEASING = YES;
				CLANG_WARN_BOOL_CONVERSION = YES;
				CLANG_WARN_COMMA = YES;
				CLANG_WARN_CONSTANT_CONVERSION = YES;
				CLANG_WARN_DEPRECATED_OBJC_IMPLEMENTATIONS = YES;
				CLANG_WARN_DIRECT_OBJC_ISA_USAGE = YES_ERROR;
				CLANG_WARN_DOCUMENTATION_COMMENTS = YES;
				CLANG_WARN_EMPTY_BODY = YES;
				CLANG_WARN_ENUM_CONVERSION = YES;
				CLANG_WARN_INFINITE_RECURSION = YES;
				CLANG_WARN_INT_CONVERSION = YES;
				CLANG_WARN_NON_LITERAL_NULL_CONVERSION = YES;
				CLANG_WARN_OBJC_IMPLICIT_RETAIN_SELF = YES;
				CLANG_WARN_OBJC_LITERAL_CONVERSION = YES;
				CLANG_WARN_OBJC_ROOT_CLASS = YES_ERROR;
				CLANG_WARN_QUOTED_INCLUDE_IN_FRAMEWORK_HEADER = YES;
				CLANG_WARN_RANGE_LOOP_ANALYSIS = YES;
				CLANG_WARN_STRICT_PROTOTYPES = YES;
				CLANG_WARN_SUSPICIOUS_MOVE = YES;
				CLANG_WARN_UNGUARDED_AVAILABILITY = YES_AGGRESSIVE;
				CLANG_WARN_UNREACHABLE_CODE = YES;
				CLANG_WARN__DUPLICATE_METHOD_MATCH = YES;
				COPY_PHASE_STRIP = NO;
				DEBUG_INFORMATION_FORMAT = dwarf;
				ENABLE_STRICT_OBJC_MSGSEND = YES;
				ENABLE_TESTABILITY = YES;
				GCC_C_LANGUAGE_STANDARD = gnu11;
				GCC_DYNAMIC_NO_PIC = NO;
				GCC_NO_COMMON_BLOCKS = YES;
				GCC_OPTIMIZATION_LEVEL = 0;
				GCC_PREPROCESSOR_DEFINITIONS = (
					"DEBUG=1",
					"$(inherited)",
				);
				GCC_WARN_64_TO_32_BIT_CONVERSION = YES;
				GCC_WARN_ABOUT_RETURN_TYPE = YES_ERROR;
				GCC_WARN_UNDECLARED_SELECTOR = YES;
				GCC_WARN_UNINITIALIZED_AUTOS = YES_AGGRESSIVE;
				GCC_WARN_UNUSED_FUNCTION = YES;
				GCC_WARN_UNUSED_VARIABLE = YES;
				IPHONEOS_DEPLOYMENT_TARGET = 15.2;
				MTL_ENABLE_DEBUG_INFO = INCLUDE_SOURCE;
				MTL_FAST_MATH = YES;
				ONLY_ACTIVE_ARCH = YES;
				SDKROOT = iphoneos;
				SWIFT_ACTIVE_COMPILATION_CONDITIONS = DEBUG;
				SWIFT_OPTIMIZATION_LEVEL = "-Onone";
			};
			name = Debug;
		};
		3E7E34C127889F8D00EC4F38 /* Release */ = {
			isa = XCBuildConfiguration;
			buildSettings = {
				ALWAYS_SEARCH_USER_PATHS = NO;
				CLANG_ANALYZER_NONNULL = YES;
				CLANG_ANALYZER_NUMBER_OBJECT_CONVERSION = YES_AGGRESSIVE;
				CLANG_CXX_LANGUAGE_STANDARD = "gnu++17";
				CLANG_CXX_LIBRARY = "libc++";
				CLANG_ENABLE_MODULES = YES;
				CLANG_ENABLE_OBJC_ARC = YES;
				CLANG_ENABLE_OBJC_WEAK = YES;
				CLANG_WARN_BLOCK_CAPTURE_AUTORELEASING = YES;
				CLANG_WARN_BOOL_CONVERSION = YES;
				CLANG_WARN_COMMA = YES;
				CLANG_WARN_CONSTANT_CONVERSION = YES;
				CLANG_WARN_DEPRECATED_OBJC_IMPLEMENTATIONS = YES;
				CLANG_WARN_DIRECT_OBJC_ISA_USAGE = YES_ERROR;
				CLANG_WARN_DOCUMENTATION_COMMENTS = YES;
				CLANG_WARN_EMPTY_BODY = YES;
				CLANG_WARN_ENUM_CONVERSION = YES;
				CLANG_WARN_INFINITE_RECURSION = YES;
				CLANG_WARN_INT_CONVERSION = YES;
				CLANG_WARN_NON_LITERAL_NULL_CONVERSION = YES;
				CLANG_WARN_OBJC_IMPLICIT_RETAIN_SELF = YES;
				CLANG_WARN_OBJC_LITERAL_CONVERSION = YES;
				CLANG_WARN_OBJC_ROOT_CLASS = YES_ERROR;
				CLANG_WARN_QUOTED_INCLUDE_IN_FRAMEWORK_HEADER = YES;
				CLANG_WARN_RANGE_LOOP_ANALYSIS = YES;
				CLANG_WARN_STRICT_PROTOTYPES = YES;
				CLANG_WARN_SUSPICIOUS_MOVE = YES;
				CLANG_WARN_UNGUARDED_AVAILABILITY = YES_AGGRESSIVE;
				CLANG_WARN_UNREACHABLE_CODE = YES;
				CLANG_WARN__DUPLICATE_METHOD_MATCH = YES;
				COPY_PHASE_STRIP = NO;
				DEBUG_INFORMATION_FORMAT = "dwarf-with-dsym";
				ENABLE_NS_ASSERTIONS = NO;
				ENABLE_STRICT_OBJC_MSGSEND = YES;
				GCC_C_LANGUAGE_STANDARD = gnu11;
				GCC_NO_COMMON_BLOCKS = YES;
				GCC_WARN_64_TO_32_BIT_CONVERSION = YES;
				GCC_WARN_ABOUT_RETURN_TYPE = YES_ERROR;
				GCC_WARN_UNDECLARED_SELECTOR = YES;
				GCC_WARN_UNINITIALIZED_AUTOS = YES_AGGRESSIVE;
				GCC_WARN_UNUSED_FUNCTION = YES;
				GCC_WARN_UNUSED_VARIABLE = YES;
				IPHONEOS_DEPLOYMENT_TARGET = 15.2;
				MTL_ENABLE_DEBUG_INFO = NO;
				MTL_FAST_MATH = YES;
				SDKROOT = iphoneos;
				SWIFT_COMPILATION_MODE = wholemodule;
				SWIFT_OPTIMIZATION_LEVEL = "-O";
				VALIDATE_PRODUCT = YES;
			};
			name = Release;
		};
		3E7E34C327889F8D00EC4F38 /* Debug */ = {
			isa = XCBuildConfiguration;
			buildSettings = {
				ASSETCATALOG_COMPILER_APPICON_NAME = AppIcon;
				ASSETCATALOG_COMPILER_GLOBAL_ACCENT_COLOR_NAME = AccentColor;
				CODE_SIGN_STYLE = Automatic;
				CURRENT_PROJECT_VERSION = 1;
				DEVELOPMENT_ASSET_PATHS = "\"iosRsa/Preview Content\"";
				ENABLE_PREVIEWS = YES;
				GENERATE_INFOPLIST_FILE = YES;
				INFOPLIST_KEY_UIApplicationSceneManifest_Generation = YES;
				INFOPLIST_KEY_UIApplicationSupportsIndirectInputEvents = YES;
				INFOPLIST_KEY_UILaunchScreen_Generation = YES;
				INFOPLIST_KEY_UISupportedInterfaceOrientations_iPad = "UIInterfaceOrientationPortrait UIInterfaceOrientationPortraitUpsideDown UIInterfaceOrientationLandscapeLeft UIInterfaceOrientationLandscapeRight";
				INFOPLIST_KEY_UISupportedInterfaceOrientations_iPhone = "UIInterfaceOrientationPortrait UIInterfaceOrientationLandscapeLeft UIInterfaceOrientationLandscapeRight";
				LD_RUNPATH_SEARCH_PATHS = (
					"$(inherited)",
					"@executable_path/Frameworks",
				);
				MARKETING_VERSION = 1.0;
				PRODUCT_BUNDLE_IDENTIFIER = org.tmurakam.iosRsa;
				PRODUCT_NAME = "$(TARGET_NAME)";
				SWIFT_EMIT_LOC_STRINGS = YES;
				SWIFT_VERSION = 5.0;
				TARGETED_DEVICE_FAMILY = "1,2";
			};
			name = Debug;
		};
		3E7E34C427889F8D00EC4F38 /* Release */ = {
			isa = XCBuildConfiguration;
			buildSettings = {
				ASSETCATALOG_COMPILER_APPICON_NAME = AppIcon;
				ASSETCATALOG_COMPILER_GLOBAL_ACCENT_COLOR_NAME = AccentColor;
				CODE_SIGN_STYLE = Automatic;
				CURRENT_PROJECT_VERSION = 1;
				DEVELOPMENT_ASSET_PATHS = "\"iosRsa/Preview Content\"";
				ENABLE_PREVIEWS = YES;
				GENERATE_INFOPLIST_FILE = YES;
				INFOPLIST_KEY_UIApplicationSceneManifest_Generation = YES;
				INFOPLIST_KEY_UIApplicationSupportsIndirectInputEvents = YES;
				INFOPLIST_KEY_UILaunchScreen_Generation = YES;
				INFOPLIST_KEY_UISupportedInterfaceOrientations_iPad = "UIInterfaceOrientationPortrait UIInterfaceOrientationPortraitUpsideDown UIInterfaceOrientationLandscapeLeft UIInterfaceOrientationLandscapeRight";
				INFOPLIST_KEY_UISupportedInterfaceOrientations_iPhone = "UIInterfaceOrientationPortrait UIInterfaceOrientationLandscapeLeft UIInterfaceOrientationLandscapeRight";
				LD_RUNPATH_SEARCH_PATHS = (
					"$(inherited)",
					"@executable_path/Frameworks",
				);
				MARKETING_VERSION = 1.0;
				PRODUCT_BUNDLE_IDENTIFIER = org.tmurakam.iosRsa;
				PRODUCT_NAME = "$(TARGET_NAME)";
				SWIFT_EMIT_LOC_STRINGS = YES;
				SWIFT_VERSION = 5.0;
				TARGETED_DEVICE_FAMILY = "1,2";
			};
			name = Release;
		};
		3E7E34C627889F8D00EC4F38 /* Debug */ = {
			isa = XCBuildConfiguration;
			buildSettings = {
				ALWAYS_EMBED_SWIFT_STANDARD_LIBRARIES = YES;
				BUNDLE_LOADER = "$(TEST_HOST)";
				CODE_SIGN_STYLE = Automatic;
				CURRENT_PROJECT_VERSION = 1;
				GENERATE_INFOPLIST_FILE = YES;
				IPHONEOS_DEPLOYMENT_TARGET = 15.2;
				MARKETING_VERSION = 1.0;
				PRODUCT_BUNDLE_IDENTIFIER = org.tmurakam.iosRsaTests;
				PRODUCT_NAME = "$(TARGET_NAME)";
				SWIFT_EMIT_LOC_STRINGS = NO;
				SWIFT_VERSION = 5.0;
				TARGETED_DEVICE_FAMILY = "1,2";
				TEST_HOST = "$(BUILT_PRODUCTS_DIR)/iosRsa.app/iosRsa";
			};
			name = Debug;
		};
		3E7E34C727889F8D00EC4F38 /* Release */ = {
			isa = XCBuildConfiguration;
			buildSettings = {
				ALWAYS_EMBED_SWIFT_STANDARD_LIBRARIES = YES;
				BUNDLE_LOADER = "$(TEST_HOST)";
				CODE_SIGN_STYLE = Automatic;
				CURRENT_PROJECT_VERSION = 1;
				GENERATE_INFOPLIST_FILE = YES;
				IPHONEOS_DEPLOYMENT_TARGET = 15.2;
				MARKETING_VERSION = 1.0;
				PRODUCT_BUNDLE_IDENTIFIER = org.tmurakam.iosRsaTests;
				PRODUCT_NAME = "$(TARGET_NAME)";
				SWIFT_EMIT_LOC_STRINGS = NO;
				SWIFT_VERSION = 5.0;
				TARGETED_DEVICE_FAMILY = "1,2";
				TEST_HOST = "$(BUILT_PRODUCTS_DIR)/iosRsa.app/iosRsa";
			};
			name = Release;
		};
		3E7E34C927889F8D00EC4F38 /* Debug */ = {
			isa = XCBuildConfiguration;
			buildSettings = {
				ALWAYS_EMBED_SWIFT_STANDARD_LIBRARIES = YES;
				CODE_SIGN_STYLE = Automatic;
				CURRENT_PROJECT_VERSION = 1;
				GENERATE_INFOPLIST_FILE = YES;
				MARKETING_VERSION = 1.0;
				PRODUCT_BUNDLE_IDENTIFIER = org.tmurakam.iosRsaUITests;
				PRODUCT_NAME = "$(TARGET_NAME)";
				SWIFT_EMIT_LOC_STRINGS = NO;
				SWIFT_VERSION = 5.0;
				TARGETED_DEVICE_FAMILY = "1,2";
				TEST_TARGET_NAME = iosRsa;
			};
			name = Debug;
		};
		3E7E34CA27889F8D00EC4F38 /* Release */ = {
			isa = XCBuildConfiguration;
			buildSettings = {
				ALWAYS_EMBED_SWIFT_STANDARD_LIBRARIES = YES;
				CODE_SIGN_STYLE = Automatic;
				CURRENT_PROJECT_VERSION = 1;
				GENERATE_INFOPLIST_FILE = YES;
				MARKETING_VERSION = 1.0;
				PRODUCT_BUNDLE_IDENTIFIER = org.tmurakam.iosRsaUITests;
				PRODUCT_NAME = "$(TARGET_NAME)";
				SWIFT_EMIT_LOC_STRINGS = NO;
				SWIFT_VERSION = 5.0;
				TARGETED_DEVICE_FAMILY = "1,2";
				TEST_TARGET_NAME = iosRsa;
			};
			name = Release;
		};
/* End XCBuildConfiguration section */

/* Begin XCConfigurationList section */
		3E7E349927889F8C00EC4F38 /* Build configuration list for PBXProject "iosRsa" */ = {
			isa = XCConfigurationList;
			buildConfigurations = (
				3E7E34C027889F8D00EC4F38 /* Debug */,
				3E7E34C127889F8D00EC4F38 /* Release */,
			);
			defaultConfigurationIsVisible = 0;
			defaultConfigurationName = Release;
		};
		3E7E34C227889F8D00EC4F38 /* Build configuration list for PBXNativeTarget "iosRsa" */ = {
			isa = XCConfigurationList;
			buildConfigurations = (
				3E7E34C327889F8D00EC4F38 /* Debug */,
				3E7E34C427889F8D00EC4F38 /* Release */,
			);
			defaultConfigurationIsVisible = 0;
			defaultConfigurationName = Release;
		};
		3E7E34C527889F8D00EC4F38 /* Build configuration list for PBXNativeTarget "iosRsaTests" */ = {
			isa = XCConfigurationList;
			buildConfigurations = (
				3E7E34C627889F8D00EC4F38 /* Debug */,
				3E7E34C727889F8D00EC4F38 /* Release */,
			);
			defaultConfigurationIsVisible = 0;
			defaultConfigurationName = Release;
		};
		3E7E34C827889F8D00EC4F38 /* Build configuration list for PBXNativeTarget "iosRsaUITests" */ = {
			isa = XCConfigurationList;
			buildConfigurations = (
				3E7E34C927889F8D00EC4F38 /* Debug */,
				3E7E34CA27889F8D00EC4F38 /* Release */,
			);
			defaultConfigurationIsVisible = 0;
			defaultConfigurationName = Release;
		};
/* End XCConfigurationList section */
	};
	rootObject = 3E7E349627889F8C00EC4F38 /* Project object */;
}
